
Microsoft Visual Studio Solution File, Format Version 12.00
# Visual Studio 2012
Project("{FAE04EC0-301F-11D3-BF4B-00C04F79EFBC}") = "WPFProject", "WPFProject\WPFProject.csproj", "{945EB3E0-5B56-4D56-9008-1F2DF1D4FE09}"
EndProject
Global
	GlobalSection(SolutionConfigurationPlatforms) = preSolution
		Debug|Any CPU = Debug|Any CPU
		Release|Any CPU = Release|Any CPU
	EndGlobalSection
	GlobalSection(ProjectConfigurationPlatforms) = postSolution
		{945EB3E0-5B56-4D56-9008-1F2DF1D4FE09}.Debug|Any CPU.ActiveCfg = Debug|Any CPU
		{945EB3E0-5B56-4D56-9008-1F2DF1D4FE09}.Debug|Any CPU.Build.0 = Debug|Any CPU
		{945EB3E0-5B56-4D56-9008-1F2DF1D4FE09}.Release|Any CPU.ActiveCfg = Release|Any CPU
		{945EB3E0-5B56-4D56-9008-1F2DF1D4FE09}.Release|Any CPU.Build.0 = Release|Any CPU
	EndGlobalSection
	GlobalSection(SolutionProperties) = preSolution
		HideSolutionNode = FALSE
	EndGlobalSection
EndGlobal
